[{<<"mnesia_cluster">>,
  {git,"https://github.com/paulzql/mnesia_cluster.git",
       {ref,"a0f4ca4e67599f138048184f6e91c58a2b1d2974"}},
  0},
 {<<"mysql">>,
  {git,"https://github.com/mysql-otp/mysql-otp.git",
       {ref,"5ad838fd1cfe11f0a7eb4e25d94f438c19c62630"}},
  1},
 {<<"mysql_poolboy">>,
  {git,"https://github.com/mysql-otp/mysql-otp-poolboy.git",
       {ref,"ae1970df8818cab270b5e3e224395bfcb04cd2a3"}},
  0},
 {<<"poolboy">>,
  {git,"https://github.com/devinus/poolboy.git",
       {ref,"3bb48a893ff5598f7c73731ac17545206d259fac"}},
  1},
 {<<"reunion">>,
  {git,"https://github.com/snar/reunion.git",
       {ref,"bb91cb1c57738abcfcbf8c1ee2977a9596e91922"}},
  1}].
