[{<<"goldrush">>,
  {git,"https://github.com/DeadZen/goldrush.git",
       {ref,"8f1b715d36b650ec1e1f5612c00e28af6ab0de82"}},
  1},
 {<<"jsx">>,
  {git,"https://github.com/talentdeficit/jsx.git",
       {ref,"d4b6d3dc5fd9e759ff7a0c476654ea5124f5bae9"}},
  0},
 {<<"lager">>,
  {git,"git@github.com:erlang-lager/lager.git",
       {ref,"92b1548f7f97a7fef257dffc45ef7b14006334e6"}},
  0}].
